{
  "name": "lunch-cli",
  "version": "0.1.0",
  "lockfileVersion": 1,
  "requires": true,
  "dependencies": {
    "cli-table": {
      "version": "0.3.1",
      "resolved": "https://registry.npmjs.org/cli-table/-/cli-table-0.3.1.tgz",
      "integrity": "sha1-9TsFJmqLGguTSz0IIebi3FkUriM=",
      "requires": {
        "colors": "1.0.3"
      }
    },
    "colors": {
      "version": "1.0.3",
      "resolved": "https://registry.npmjs.org/colors/-/colors-1.0.3.tgz",
      "integrity": "sha1-BDP0TYCWgP3rYO0mDxsMJi6CpAs="
    },
    "commander": {
      "version": "2.15.1",
      "resolved": "https://registry.npmjs.org/commander/-/commander-2.15.1.tgz",
      "integrity": "sha512-VlfT9F3V0v+jr4yxPc5gg9s62/fIVWsd2Bk2iD435um1NlGMYdVCq+MjcXnhYq2icNOizHr1kK+5TI6H0Hy0ag=="
    },
    "lunch": {
      "version": "file:../common",
      "requires": {
        "cheerio": "1.0.0-rc.2",
        "rss-parser": "3.1.3"
      },
      "dependencies": {
        "@types/node": {
          "version": "10.3.2",
          "bundled": true
        },
        "boolbase": {
          "version": "1.0.0",
          "bundled": true
        },
        "cheerio": {
          "version": "1.0.0-rc.2",
          "bundled": true,
          "requires": {
            "css-select": "1.2.0",
            "dom-serializer": "0.1.0",
            "entities": "1.1.1",
            "htmlparser2": "3.9.2",
            "lodash": "4.17.10",
            "parse5": "3.0.3"
          }
        },
        "core-util-is": {
          "version": "1.0.2",
          "bundled": true
        },
        "css-select": {
          "version": "1.2.0",
          "bundled": true,
          "requires": {
            "boolbase": "1.0.0",
            "css-what": "2.1.0",
            "domutils": "1.5.1",
            "nth-check": "1.0.1"
          }
        },
        "css-what": {
          "version": "2.1.0",
          "bundled": true
        },
        "dom-serializer": {
          "version": "0.1.0",
          "bundled": true,
          "requires": {
            "domelementtype": "1.1.3",
            "entities": "1.1.1"
          },
          "dependencies": {
            "domelementtype": {
              "version": "1.1.3",
              "bundled": true
            }
          }
        },
        "domelementtype": {
          "version": "1.3.0",
          "bundled": true
        },
        "domhandler": {
          "version": "2.4.2",
          "bundled": true,
          "requires": {
            "domelementtype": "1.3.0"
          }
        },
        "domutils": {
          "version": "1.5.1",
          "bundled": true,
          "requires": {
            "dom-serializer": "0.1.0",
            "domelementtype": "1.3.0"
          }
        },
        "entities": {
          "version": "1.1.1",
          "bundled": true
        },
        "htmlparser2": {
          "version": "3.9.2",
          "bundled": true,
          "requires": {
            "domelementtype": "1.3.0",
            "domhandler": "2.4.2",
            "domutils": "1.5.1",
            "entities": "1.1.1",
            "inherits": "2.0.3",
            "readable-stream": "2.3.6"
          }
        },
        "inherits": {
          "version": "2.0.3",
          "bundled": true
        },
        "isarray": {
          "version": "1.0.0",
          "bundled": true
        },
        "lodash": {
          "version": "4.17.10",
          "bundled": true
        },
        "nth-check": {
          "version": "1.0.1",
          "bundled": true,
          "requires": {
            "boolbase": "1.0.0"
          }
        },
        "parse5": {
          "version": "3.0.3",
          "bundled": true,
          "requires": {
            "@types/node": "10.3.2"
          }
        },
        "process-nextick-args": {
          "version": "2.0.0",
          "bundled": true
        },
        "readable-stream": {
          "version": "2.3.6",
          "bundled": true,
          "requires": {
            "core-util-is": "1.0.2",
            "inherits": "2.0.3",
            "isarray": "1.0.0",
            "process-nextick-args": "2.0.0",
            "safe-buffer": "5.1.2",
            "string_decoder": "1.1.1",
            "util-deprecate": "1.0.2"
          }
        },
        "rss-parser": {
          "version": "3.1.3",
          "bundled": true,
          "requires": {
            "entities": "1.1.1",
            "xml2js": "0.4.19"
          }
        },
        "safe-buffer": {
          "version": "5.1.2",
          "bundled": true
        },
        "sax": {
          "version": "1.2.4",
          "bundled": true
        },
        "string_decoder": {
          "version": "1.1.1",
          "bundled": true,
          "requires": {
            "safe-buffer": "5.1.2"
          }
        },
        "util-deprecate": {
          "version": "1.0.2",
          "bundled": true
        },
        "xml2js": {
          "version": "0.4.19",
          "bundled": true,
          "requires": {
            "sax": "1.2.4",
            "xmlbuilder": "9.0.7"
          }
        },
        "xmlbuilder": {
          "version": "9.0.7",
          "bundled": true
        }
      }
    }
  }
}
